
Microsoft Visual Studio Solution File, Format Version 12.00
# Visual Studio Version 17
VisualStudioVersion = 17.13.35828.75 d17.13
MinimumVisualStudioVersion = 10.0.40219.1
Project("{FAE04EC0-301F-11D3-BF4B-00C04F79EFBC}") = "PortfolioWeb", "PortfolioWeb\PortfolioWeb.csproj", "{8EB84DFC-7754-4580-BBFC-B17A87224B1C}"
EndProject
Global
	GlobalSection(SolutionConfigurationPlatforms) = preSolution
		Debug|Any CPU = Debug|Any CPU
		Release|Any CPU = Release|Any CPU
	EndGlobalSection
	GlobalSection(ProjectConfigurationPlatforms) = postSolution
		{8EB84DFC-7754-4580-BBFC-B17A87224B1C}.Debug|Any CPU.ActiveCfg = Debug|Any CPU
		{8EB84DFC-7754-4580-BBFC-B17A87224B1C}.Debug|Any CPU.Build.0 = Debug|Any CPU
		{8EB84DFC-7754-4580-BBFC-B17A87224B1C}.Release|Any CPU.ActiveCfg = Release|Any CPU
		{8EB84DFC-7754-4580-BBFC-B17A87224B1C}.Release|Any CPU.Build.0 = Release|Any CPU
	EndGlobalSection
	GlobalSection(SolutionProperties) = preSolution
		HideSolutionNode = FALSE
	EndGlobalSection
	GlobalSection(ExtensibilityGlobals) = postSolution
		SolutionGuid = {37A0EA6C-902D-4FB9-BB95-71510C2C2359}
	EndGlobalSection
EndGlobal
